# This file is autogenerated, do not edit; changes may be undone by the next 'dep ensure'.


[[projects]]
  name = "github.com/aandryashin/matchers"
  packages = [".","httpresp"]
  revision = "5eb67beb188b5076812683a96c13bef79d970fd8"

[[projects]]
  name = "github.com/aandryashin/reloader"
  packages = ["."]
  revision = "da4f1b43ce4053e60e56b3a118d9037afc1d92df"
  version = "1.0.0"

[[projects]]
  name = "github.com/abbot/go-http-auth"
  packages = ["."]
  revision = "d45c47bedec736d172957bd394786b76626fa8ac"

[[projects]]
  name = "github.com/fsnotify/fsnotify"
  packages = ["."]
  revision = "c2828203cd70a50dcccfb2761f8b1f8ceef9a8e9"
  version = "v1.4.7"

[[projects]]
  name = "golang.org/x/crypto"
  packages = ["bcrypt","blowfish"]
  revision = "f6b343c37ca80bfa8ea539da67a0b621f84fab1d"

[[projects]]
  name = "golang.org/x/net"
  packages = ["context","websocket"]
  revision = "f2499483f923065a842d38eb4c7f1927e6fc6e6d"

[[projects]]
  branch = "master"
  name = "golang.org/x/sys"
  packages = ["unix"]
  revision = "98c5dad5d1a0e8a73845ecc8897d0bd56586511d"

[solve-meta]
  analyzer-name = "dep"
  analyzer-version = 1
  inputs-digest = "515dce2386a14a7d566b4162528aa8ff49079ad362a6b80068d0609fa83d20a4"
  solver-name = "gps-cdcl"
  solver-version = 1
