# This file is autogenerated, do not edit; changes may be undone by the next 'dep ensure'.


[[projects]]
  name = "github.com/aandryashin/matchers"
  packages = [".","httpresp"]
  revision = "5eb67beb188b5076812683a96c13bef79d970fd8"

[[projects]]
  name = "github.com/abbot/go-http-auth"
  packages = ["."]
  revision = "d45c47bedec736d172957bd394786b76626fa8ac"

[[projects]]
  name = "golang.org/x/crypto"
  packages = ["bcrypt","blowfish"]
  revision = "f6b343c37ca80bfa8ea539da67a0b621f84fab1d"

[[projects]]
  name = "golang.org/x/net"
  packages = ["context","websocket"]
  revision = "f2499483f923065a842d38eb4c7f1927e6fc6e6d"

[solve-meta]
  analyzer-name = "dep"
  analyzer-version = 1
  inputs-digest = "2d4984a5405005fa14af442f2af271c47fbac9b7588cdff6805e1f2976e7aca7"
  solver-name = "gps-cdcl"
  solver-version = 1
